
Microsoft Visual Studio Solution File, Format Version 12.00
# Visual Studio Version 16
VisualStudioVersion = 16.0.29424.173
MinimumVisualStudioVersion = 10.0.40219.1
Project("{8BC9CEB8-8B4A-11D0-8D11-00A0C91BC942}") = "Trivia", "Trivia\Trivia.vcxproj", "{E082CF9C-DFDB-4067-8828-A4D2B746BE91}"
EndProject
Global
	GlobalSection(SolutionConfigurationPlatforms) = preSolution
		Debug|x64 = Debug|x64
		Debug|x86 = Debug|x86
		Release|x64 = Release|x64
		Release|x86 = Release|x86
	EndGlobalSection
	GlobalSection(ProjectConfigurationPlatforms) = postSolution
		{E082CF9C-DFDB-4067-8828-A4D2B746BE91}.Debug|x64.ActiveCfg = Debug|x64
		{E082CF9C-DFDB-4067-8828-A4D2B746BE91}.Debug|x64.Build.0 = Debug|x64
		{E082CF9C-DFDB-4067-8828-A4D2B746BE91}.Debug|x86.ActiveCfg = Debug|Win32
		{E082CF9C-DFDB-4067-8828-A4D2B746BE91}.Debug|x86.Build.0 = Debug|Win32
		{E082CF9C-DFDB-4067-8828-A4D2B746BE91}.Release|x64.ActiveCfg = Release|x64
		{E082CF9C-DFDB-4067-8828-A4D2B746BE91}.Release|x64.Build.0 = Release|x64
		{E082CF9C-DFDB-4067-8828-A4D2B746BE91}.Release|x86.ActiveCfg = Release|Win32
		{E082CF9C-DFDB-4067-8828-A4D2B746BE91}.Release|x86.Build.0 = Release|Win32
	EndGlobalSection
	GlobalSection(SolutionProperties) = preSolution
		HideSolutionNode = FALSE
	EndGlobalSection
	GlobalSection(ExtensibilityGlobals) = postSolution
		SolutionGuid = {606267B7-DBEF-4610-9F3F-CBFEA16C85D7}
	EndGlobalSection
EndGlobal
